
Microsoft Visual Studio Solution File, Format Version 11.00
# Visual Studio 2010
Project("{FAE04EC0-301F-11D3-BF4B-00C04F79EFBC}") = "TestAccelerometer", "Assembly-CSharp.csproj", "{4341C74A-0A92-05FD-CE73-0195E2114B0A}"
EndProject
Global
	GlobalSection(SolutionConfigurationPlatforms) = preSolution
		Debug|Any CPU = Debug|Any CPU
		Release|Any CPU = Release|Any CPU
	EndGlobalSection
	GlobalSection(ProjectConfigurationPlatforms) = postSolution
		{4341C74A-0A92-05FD-CE73-0195E2114B0A}.Debug|Any CPU.ActiveCfg = Debug|Any CPU
		{4341C74A-0A92-05FD-CE73-0195E2114B0A}.Debug|Any CPU.Build.0 = Debug|Any CPU
		{4341C74A-0A92-05FD-CE73-0195E2114B0A}.Release|Any CPU.ActiveCfg = Release|Any CPU
		{4341C74A-0A92-05FD-CE73-0195E2114B0A}.Release|Any CPU.Build.0 = Release|Any CPU
	EndGlobalSection
	GlobalSection(SolutionProperties) = preSolution
		HideSolutionNode = FALSE
	EndGlobalSection
	GlobalSection(MonoDevelopProperties) = preSolution
		StartupItem = Assembly-CSharp.csproj
	EndGlobalSection
EndGlobal
